
Microsoft Visual Studio Solution File, Format Version 12.00
# Visual Studio Version 16
VisualStudioVersion = 16.0.31112.23
MinimumVisualStudioVersion = 10.0.40219.1
Project("{FAE04EC0-301F-11D3-BF4B-00C04F79EFBC}") = "Lab11", "Lab11.csproj", "{4F124792-4895-4813-A4F5-8C327CA7B348}"
EndProject
Global
	GlobalSection(SolutionConfigurationPlatforms) = preSolution
		Debug|Any CPU = Debug|Any CPU
		Release|Any CPU = Release|Any CPU
	EndGlobalSection
	GlobalSection(ProjectConfigurationPlatforms) = postSolution
		{4F124792-4895-4813-A4F5-8C327CA7B348}.Debug|Any CPU.ActiveCfg = Debug|Any CPU
		{4F124792-4895-4813-A4F5-8C327CA7B348}.Debug|Any CPU.Build.0 = Debug|Any CPU
		{4F124792-4895-4813-A4F5-8C327CA7B348}.Release|Any CPU.ActiveCfg = Release|Any CPU
		{4F124792-4895-4813-A4F5-8C327CA7B348}.Release|Any CPU.Build.0 = Release|Any CPU
	EndGlobalSection
	GlobalSection(SolutionProperties) = preSolution
		HideSolutionNode = FALSE
	EndGlobalSection
	GlobalSection(ExtensibilityGlobals) = postSolution
		SolutionGuid = {A443BD57-884F-4BAD-BD52-0F6BFB9E0F9B}
	EndGlobalSection
EndGlobal
