
Microsoft Visual Studio Solution File, Format Version 12.00
# Visual Studio Version 16
VisualStudioVersion = 16.0.30907.101
MinimumVisualStudioVersion = 10.0.40219.1
Project("{FAE04EC0-301F-11D3-BF4B-00C04F79EFBC}") = "Lab3", "Lab3.csproj", "{FF6F6440-2922-4651-BD69-0586550A37CF}"
EndProject
Global
	GlobalSection(SolutionConfigurationPlatforms) = preSolution
		Debug|Any CPU = Debug|Any CPU
		Release|Any CPU = Release|Any CPU
	EndGlobalSection
	GlobalSection(ProjectConfigurationPlatforms) = postSolution
		{FF6F6440-2922-4651-BD69-0586550A37CF}.Debug|Any CPU.ActiveCfg = Debug|Any CPU
		{FF6F6440-2922-4651-BD69-0586550A37CF}.Debug|Any CPU.Build.0 = Debug|Any CPU
		{FF6F6440-2922-4651-BD69-0586550A37CF}.Release|Any CPU.ActiveCfg = Release|Any CPU
		{FF6F6440-2922-4651-BD69-0586550A37CF}.Release|Any CPU.Build.0 = Release|Any CPU
	EndGlobalSection
	GlobalSection(SolutionProperties) = preSolution
		HideSolutionNode = FALSE
	EndGlobalSection
	GlobalSection(ExtensibilityGlobals) = postSolution
		SolutionGuid = {E458C5D8-4DAB-4A4C-9441-76A3DCF09919}
	EndGlobalSection
EndGlobal
